
Microsoft Visual Studio Solution File, Format Version 12.00
# Visual Studio Version 17
VisualStudioVersion = 17.6.33723.286
MinimumVisualStudioVersion = 10.0.40219.1
Project("{FAE04EC0-301F-11D3-BF4B-00C04F79EFBC}") = "JogoDosErros", "JogoDosErros\JogoDosErros.csproj", "{237FD9C5-9E57-4B52-AFF7-5D0093761D3D}"
EndProject
Global
	GlobalSection(SolutionConfigurationPlatforms) = preSolution
		Debug|Any CPU = Debug|Any CPU
		Release|Any CPU = Release|Any CPU
	EndGlobalSection
	GlobalSection(ProjectConfigurationPlatforms) = postSolution
		{237FD9C5-9E57-4B52-AFF7-5D0093761D3D}.Debug|Any CPU.ActiveCfg = Debug|Any CPU
		{237FD9C5-9E57-4B52-AFF7-5D0093761D3D}.Debug|Any CPU.Build.0 = Debug|Any CPU
		{237FD9C5-9E57-4B52-AFF7-5D0093761D3D}.Release|Any CPU.ActiveCfg = Release|Any CPU
		{237FD9C5-9E57-4B52-AFF7-5D0093761D3D}.Release|Any CPU.Build.0 = Release|Any CPU
	EndGlobalSection
	GlobalSection(SolutionProperties) = preSolution
		HideSolutionNode = FALSE
	EndGlobalSection
	GlobalSection(ExtensibilityGlobals) = postSolution
		SolutionGuid = {433B5337-55FD-4341-8784-F718B649997F}
	EndGlobalSection
EndGlobal
