
Microsoft Visual Studio Solution File, Format Version 12.00
# Visual Studio Version 17
VisualStudioVersion = 17.6.33723.286
MinimumVisualStudioVersion = 10.0.40219.1
Project("{FAE04EC0-301F-11D3-BF4B-00C04F79EFBC}") = "Exercicio1", "Exercicio1\Exercicio1.csproj", "{CCC884F0-D1F3-486F-88BD-2712A6E93800}"
EndProject
Global
	GlobalSection(SolutionConfigurationPlatforms) = preSolution
		Debug|Any CPU = Debug|Any CPU
		Release|Any CPU = Release|Any CPU
	EndGlobalSection
	GlobalSection(ProjectConfigurationPlatforms) = postSolution
		{CCC884F0-D1F3-486F-88BD-2712A6E93800}.Debug|Any CPU.ActiveCfg = Debug|Any CPU
		{CCC884F0-D1F3-486F-88BD-2712A6E93800}.Debug|Any CPU.Build.0 = Debug|Any CPU
		{CCC884F0-D1F3-486F-88BD-2712A6E93800}.Release|Any CPU.ActiveCfg = Release|Any CPU
		{CCC884F0-D1F3-486F-88BD-2712A6E93800}.Release|Any CPU.Build.0 = Release|Any CPU
	EndGlobalSection
	GlobalSection(SolutionProperties) = preSolution
		HideSolutionNode = FALSE
	EndGlobalSection
	GlobalSection(ExtensibilityGlobals) = postSolution
		SolutionGuid = {C8F63C3B-5D69-4908-89DD-16837D190DBB}
	EndGlobalSection
EndGlobal
